dependencies:
- name: pg-cluster
  repository: file://../../../../lib/helm/pg-cluster
  version: 0.3.0
- name: pg-cluster
  repository: file://../../../../lib/helm/pg-cluster
  version: 0.3.0
- name: redis-instance
  repository: file://../../../../lib/helm/redis-instance
  version: 0.4.0
- name: redis-instance
  repository: file://../../../../lib/helm/redis-instance
  version: 0.4.0
- name: ingress
  repository: file://../../../../lib/helm/ingress
  version: 0.2.0
- name: rabbitmq-topology
  repository: file://../../../../lib/helm/rabbitmq-topology
  version: 0.1.0
digest: sha256:b996947827ba322b1e07e3a7c5ff5bf238bf9d87da01e240af04b7cad1ecc20d
generated: "2026-07-25T22:07:23.189898+02:00"
