dependencies:
- name: pg-cluster
  repository: file://../../../../lib/helm/pg-cluster
  version: 0.1.0
- name: ingress-edge
  repository: file://../../../../lib/helm/ingress-edge
  version: 0.1.0
digest: sha256:a4d5d54ea9d19607b954be5787e3cc449524596b07bec236bd436c65fb50b49e
generated: "2026-07-05T14:18:00.527384+02:00"
